// !$*UTF8*$!
{
	archiveVersion = 1;
	classes = {
	};
	objectVersion = 52;
	objects = {

/* Begin PBXBuildFile section */
		031043272A15DBE00068781D /* ProfileViewController.swift in Sources */ = {isa = PBXBuildFile; fileRef = 031043262A15DBE00068781D /* ProfileViewController.swift */; };
		0310432A2A15E9AC0068781D /* WelcomeViewController.swift in Sources */ = {isa = PBXBuildFile; fileRef = 031043292A15E9AC0068781D /* WelcomeViewController.swift */; };
		0310432D2A15EB310068781D /* ProfileDetailGetViewController.swift in Sources */ = {isa = PBXBuildFile; fileRef = 0310432C2A15EB310068781D /* ProfileDetailGetViewController.swift */; };
		031043382A169DB50068781D /* RandomDetailViewController.swift in Sources */ = {isa = PBXBuildFile; fileRef = 031043372A169DB50068781D /* RandomDetailViewController.swift */; };
		0310433C2A16AA1B0068781D /* RandomModel.swift in Sources */ = {isa = PBXBuildFile; fileRef = 0310433B2A16AA1B0068781D /* RandomModel.swift */; };
		0358E1252A13E55E00ED554A /* ActivityDetailViewController.swift in Sources */ = {isa = PBXBuildFile; fileRef = 0358E1242A13E55E00ED554A /* ActivityDetailViewController.swift */; };
		0368D17C2A0DECC10038C37A /* StopwatchViewController.swift in Sources */ = {isa = PBXBuildFile; fileRef = 0368D17B2A0DECC10038C37A /* StopwatchViewController.swift */; };
		03739AC52A11145E00BEAE33 /* MealsListViewController.swift in Sources */ = {isa = PBXBuildFile; fileRef = 03739AC42A11145E00BEAE33 /* MealsListViewController.swift */; };
		03739AC82A11149A00BEAE33 /* Meals.swift in Sources */ = {isa = PBXBuildFile; fileRef = 03739AC72A11149A00BEAE33 /* Meals.swift */; };
		03739ACB2A113BBF00BEAE33 /* WarmUp.swift in Sources */ = {isa = PBXBuildFile; fileRef = 03739ACA2A113BBF00BEAE33 /* WarmUp.swift */; };
		0373B3412A10D599007729D0 /* WarmUpListViewController.swift in Sources */ = {isa = PBXBuildFile; fileRef = 0373B3402A10D599007729D0 /* WarmUpListViewController.swift */; };
		03B3ADC72A10AC2C00BE01E8 /* Exercise.swift in Sources */ = {isa = PBXBuildFile; fileRef = 03B3ADC62A10AC2C00BE01E8 /* Exercise.swift */; };
		03C2185E2A18B23B00C58637 /* AddScheduleViewController.swift in Sources */ = {isa = PBXBuildFile; fileRef = 03C2185D2A18B23B00C58637 /* AddScheduleViewController.swift */; };
		03C218612A18CE0900C58637 /* AddedExerciseViewController.swift in Sources */ = {isa = PBXBuildFile; fileRef = 03C218602A18CE0900C58637 /* AddedExerciseViewController.swift */; };
		03C218642A18D09900C58637 /* ScheduleModel.swift in Sources */ = {isa = PBXBuildFile; fileRef = 03C218632A18D09900C58637 /* ScheduleModel.swift */; };
		03E5D3FA2A0BB0B400C0F969 /* BMIViewController.swift in Sources */ = {isa = PBXBuildFile; fileRef = 03E5D3F92A0BB0B400C0F969 /* BMIViewController.swift */; };
		03EB15672A0A58D700570784 /* AppDelegate.swift in Sources */ = {isa = PBXBuildFile; fileRef = 03EB15662A0A58D700570784 /* AppDelegate.swift */; };
		03EB15692A0A58D700570784 /* SceneDelegate.swift in Sources */ = {isa = PBXBuildFile; fileRef = 03EB15682A0A58D700570784 /* SceneDelegate.swift */; };
		03EB156B2A0A58D700570784 /* ViewController.swift in Sources */ = {isa = PBXBuildFile; fileRef = 03EB156A2A0A58D700570784 /* ViewController.swift */; };
		03EB15702A0A58D900570784 /* Assets.xcassets in Resources */ = {isa = PBXBuildFile; fileRef = 03EB156F2A0A58D900570784 /* Assets.xcassets */; };
		03EB157F2A0A5AB600570784 /* HomeViewController.swift in Sources */ = {isa = PBXBuildFile; fileRef = 03EB157C2A0A5AB600570784 /* HomeViewController.swift */; };
		03EB15802A0A5AB600570784 /* RegisterViewController.swift in Sources */ = {isa = PBXBuildFile; fileRef = 03EB157D2A0A5AB600570784 /* RegisterViewController.swift */; };
		03EB15812A0A5AB600570784 /* ExerciseViewController.swift in Sources */ = {isa = PBXBuildFile; fileRef = 03EB157E2A0A5AB600570784 /* ExerciseViewController.swift */; };
		03EB15882A0A5E7F00570784 /* GoogleService-Info.plist in Resources */ = {isa = PBXBuildFile; fileRef = 03EB15872A0A5E7F00570784 /* GoogleService-Info.plist */; };
		03EB158C2A0A62F400570784 /* FirebaseAuth in Frameworks */ = {isa = PBXBuildFile; productRef = 03EB158B2A0A62F400570784 /* FirebaseAuth */; };
		03EB158E2A0A62F400570784 /* FirebaseDatabase in Frameworks */ = {isa = PBXBuildFile; productRef = 03EB158D2A0A62F400570784 /* FirebaseDatabase */; };
		03EB15902A0A62F400570784 /* FirebaseFirestore in Frameworks */ = {isa = PBXBuildFile; productRef = 03EB158F2A0A62F400570784 /* FirebaseFirestore */; };
		03F0DDEC2A0CA5C400D64E92 /* ExerciseListViewController.swift in Sources */ = {isa = PBXBuildFile; fileRef = 03F0DDEB2A0CA5C400D64E92 /* ExerciseListViewController.swift */; };
		03F542BB2A19E834003C33F8 /* AllSetViewController.swift in Sources */ = {isa = PBXBuildFile; fileRef = 03F542BA2A19E834003C33F8 /* AllSetViewController.swift */; };
/* End PBXBuildFile section */

/* Begin PBXFileReference section */
		031043262A15DBE00068781D /* ProfileViewController.swift */ = {isa = PBXFileReference; lastKnownFileType = sourcecode.swift; path = ProfileViewController.swift; sourceTree = "<group>"; };
		031043292A15E9AC0068781D /* WelcomeViewController.swift */ = {isa = PBXFileReference; lastKnownFileType = sourcecode.swift; path = WelcomeViewController.swift; sourceTree = "<group>"; };
		0310432C2A15EB310068781D /* ProfileDetailGetViewController.swift */ = {isa = PBXFileReference; lastKnownFileType = sourcecode.swift; path = ProfileDetailGetViewController.swift; sourceTree = "<group>"; };
		031043372A169DB50068781D /* RandomDetailViewController.swift */ = {isa = PBXFileReference; lastKnownFileType = sourcecode.swift; path = RandomDetailViewController.swift; sourceTree = "<group>"; };
		0310433B2A16AA1B0068781D /* RandomModel.swift */ = {isa = PBXFileReference; lastKnownFileType = sourcecode.swift; path = RandomModel.swift; sourceTree = "<group>"; };
		0358E1242A13E55E00ED554A /* ActivityDetailViewController.swift */ = {isa = PBXFileReference; lastKnownFileType = sourcecode.swift; path = ActivityDetailViewController.swift; sourceTree = "<group>"; };
		0368D17B2A0DECC10038C37A /* StopwatchViewController.swift */ = {isa = PBXFileReference; lastKnownFileType = sourcecode.swift; path = StopwatchViewController.swift; sourceTree = "<group>"; };
		03739AC42A11145E00BEAE33 /* MealsListViewController.swift */ = {isa = PBXFileReference; lastKnownFileType = sourcecode.swift; path = MealsListViewController.swift; sourceTree = "<group>"; };
		03739AC72A11149A00BEAE33 /* Meals.swift */ = {isa = PBXFileReference; lastKnownFileType = sourcecode.swift; path = Meals.swift; sourceTree = "<group>"; };
		03739ACA2A113BBF00BEAE33 /* WarmUp.swift */ = {isa = PBXFileReference; lastKnownFileType = sourcecode.swift; path = WarmUp.swift; sourceTree = "<group>"; };
		0373B3402A10D599007729D0 /* WarmUpListViewController.swift */ = {isa = PBXFileReference; lastKnownFileType = sourcecode.swift; path = WarmUpListViewController.swift; sourceTree = "<group>"; };
		03B3ADC62A10AC2C00BE01E8 /* Exercise.swift */ = {isa = PBXFileReference; lastKnownFileType = sourcecode.swift; path = Exercise.swift; sourceTree = "<group>"; };
		03C2185D2A18B23B00C58637 /* AddScheduleViewController.swift */ = {isa = PBXFileReference; lastKnownFileType = sourcecode.swift; path = AddScheduleViewController.swift; sourceTree = "<group>"; };
		03C218602A18CE0900C58637 /* AddedExerciseViewController.swift */ = {isa = PBXFileReference; lastKnownFileType = sourcecode.swift; path = AddedExerciseViewController.swift; sourceTree = "<group>"; };
		03C218632A18D09900C58637 /* ScheduleModel.swift */ = {isa = PBXFileReference; lastKnownFileType = sourcecode.swift; path = ScheduleModel.swift; sourceTree = "<group>"; };
		03E5D3F92A0BB0B400C0F969 /* BMIViewController.swift */ = {isa = PBXFileReference; lastKnownFileType = sourcecode.swift; path = BMIViewController.swift; sourceTree = "<group>"; };
		03EB15632A0A58D700570784 /* Fitness app.app */ = {isa = PBXFileReference; explicitFileType = wrapper.application; includeInIndex = 0; path = "Fitness app.app"; sourceTree = BUILT_PRODUCTS_DIR; };
		03EB15662A0A58D700570784 /* AppDelegate.swift */ = {isa = PBXFileReference; lastKnownFileType = sourcecode.swift; path = AppDelegate.swift; sourceTree = "<group>"; };
		03EB15682A0A58D700570784 /* SceneDelegate.swift */ = {isa = PBXFileReference; lastKnownFileType = sourcecode.swift; path = SceneDelegate.swift; sourceTree = "<group>"; };
		03EB156A2A0A58D700570784 /* ViewController.swift */ = {isa = PBXFileReference; lastKnownFileType = sourcecode.swift; path = ViewController.swift; sourceTree = "<group>"; };
		03EB156F2A0A58D900570784 /* Assets.xcassets */ = {isa = PBXFileReference; lastKnownFileType = folder.assetcatalog; path = Assets.xcassets; sourceTree = "<group>"; };
		03EB15742A0A58D900570784 /* Info.plist */ = {isa = PBXFileReference; lastKnownFileType = text.plist.xml; path = Info.plist; sourceTree = "<group>"; };
		03EB157C2A0A5AB600570784 /* HomeViewController.swift */ = {isa = PBXFileReference; fileEncoding = 4; lastKnownFileType = sourcecode.swift; path = HomeViewController.swift; sourceTree = "<group>"; };
		03EB157D2A0A5AB600570784 /* RegisterViewController.swift */ = {isa = PBXFileReference; fileEncoding = 4; lastKnownFileType = sourcecode.swift; path = RegisterViewController.swift; sourceTree = "<group>"; };
		03EB157E2A0A5AB600570784 /* ExerciseViewController.swift */ = {isa = PBXFileReference; fileEncoding = 4; lastKnownFileType = sourcecode.swift; path = ExerciseViewController.swift; sourceTree = "<group>"; };
		03EB15872A0A5E7F00570784 /* GoogleService-Info.plist */ = {isa = PBXFileReference; fileEncoding = 4; lastKnownFileType = text.plist.xml; path = "GoogleService-Info.plist"; sourceTree = "<group>"; };
		03F0DDEB2A0CA5C400D64E92 /* ExerciseListViewController.swift */ = {isa = PBXFileReference; lastKnownFileType = sourcecode.swift; path = ExerciseListViewController.swift; sourceTree = "<group>"; };
		03F542BA2A19E834003C33F8 /* AllSetViewController.swift */ = {isa = PBXFileReference; lastKnownFileType = sourcecode.swift; path = AllSetViewController.swift; sourceTree = "<group>"; };
/* End PBXFileReference section */

/* Begin PBXFrameworksBuildPhase section */
		03EB15602A0A58D700570784 /* Frameworks */ = {
			isa = PBXFrameworksBuildPhase;
			buildActionMask = 2147483647;
			files = (
				03EB158E2A0A62F400570784 /* FirebaseDatabase in Frameworks */,
				03EB158C2A0A62F400570784 /* FirebaseAuth in Frameworks */,
				03EB15902A0A62F400570784 /* FirebaseFirestore in Frameworks */,
			);
			runOnlyForDeploymentPostprocessing = 0;
		};
/* End PBXFrameworksBuildPhase section */

/* Begin PBXGroup section */
		03EB155A2A0A58D700570784 = {
			isa = PBXGroup;
			children = (
				03EB15652A0A58D700570784 /* Fitness app */,
				03EB15642A0A58D700570784 /* Products */,
			);
			sourceTree = "<group>";
		};
		03EB15642A0A58D700570784 /* Products */ = {
			isa = PBXGroup;
			children = (
				03EB15632A0A58D700570784 /* Fitness app.app */,
			);
			name = Products;
			sourceTree = "<group>";
		};
		03EB15652A0A58D700570784 /* Fitness app */ = {
			isa = PBXGroup;
			children = (
				03F542B72A19E31C003C33F8 /* controllers */,
				03F542B52A19E2D6003C33F8 /* models */,
				03EB15872A0A5E7F00570784 /* GoogleService-Info.plist */,
				03EB15662A0A58D700570784 /* AppDelegate.swift */,
				03EB15682A0A58D700570784 /* SceneDelegate.swift */,
				03EB156F2A0A58D900570784 /* Assets.xcassets */,
				03EB15742A0A58D900570784 /* Info.plist */,
			);
			path = "Fitness app";
			sourceTree = "<group>";
		};
		03F542B52A19E2D6003C33F8 /* models */ = {
			isa = PBXGroup;
			children = (
				03C218632A18D09900C58637 /* ScheduleModel.swift */,
				0310433B2A16AA1B0068781D /* RandomModel.swift */,
				03B3ADC62A10AC2C00BE01E8 /* Exercise.swift */,
				03739ACA2A113BBF00BEAE33 /* WarmUp.swift */,
				03739AC72A11149A00BEAE33 /* Meals.swift */,
			);
			path = models;
			sourceTree = "<group>";
		};
		03F542B72A19E31C003C33F8 /* controllers */ = {
			isa = PBXGroup;
			children = (
				031043292A15E9AC0068781D /* WelcomeViewController.swift */,
				03EB157E2A0A5AB600570784 /* ExerciseViewController.swift */,
				03EB157C2A0A5AB600570784 /* HomeViewController.swift */,
				03EB157D2A0A5AB600570784 /* RegisterViewController.swift */,
				03EB156A2A0A58D700570784 /* ViewController.swift */,
				03E5D3F92A0BB0B400C0F969 /* BMIViewController.swift */,
				03F0DDEB2A0CA5C400D64E92 /* ExerciseListViewController.swift */,
				0368D17B2A0DECC10038C37A /* StopwatchViewController.swift */,
				0373B3402A10D599007729D0 /* WarmUpListViewController.swift */,
				03739AC42A11145E00BEAE33 /* MealsListViewController.swift */,
				0358E1242A13E55E00ED554A /* ActivityDetailViewController.swift */,
				031043262A15DBE00068781D /* ProfileViewController.swift */,
				0310432C2A15EB310068781D /* ProfileDetailGetViewController.swift */,
				031043372A169DB50068781D /* RandomDetailViewController.swift */,
				03C2185D2A18B23B00C58637 /* AddScheduleViewController.swift */,
				03C218602A18CE0900C58637 /* AddedExerciseViewController.swift */,
				03F542BA2A19E834003C33F8 /* AllSetViewController.swift */,
			);
			path = controllers;
			sourceTree = "<group>";
		};
/* End PBXGroup section */

/* Begin PBXNativeTarget section */
		03EB15622A0A58D700570784 /* Fitness app */ = {
			isa = PBXNativeTarget;
			buildConfigurationList = 03EB15772A0A58D900570784 /* Build configuration list for PBXNativeTarget "Fitness app" */;
			buildPhases = (
				03EB155F2A0A58D700570784 /* Sources */,
				03EB15602A0A58D700570784 /* Frameworks */,
				03EB15612A0A58D700570784 /* Resources */,
			);
			buildRules = (
			);
			dependencies = (
			);
			name = "Fitness app";
			packageProductDependencies = (
				03EB158B2A0A62F400570784 /* FirebaseAuth */,
				03EB158D2A0A62F400570784 /* FirebaseDatabase */,
				03EB158F2A0A62F400570784 /* FirebaseFirestore */,
			);
			productName = "Fitness app";
			productReference = 03EB15632A0A58D700570784 /* Fitness app.app */;
			productType = "com.apple.product-type.application";
		};
/* End PBXNativeTarget section */

/* Begin PBXProject section */
		03EB155B2A0A58D700570784 /* Project object */ = {
			isa = PBXProject;
			attributes = {
				LastSwiftUpdateCheck = 1240;
				LastUpgradeCheck = 1240;
				TargetAttributes = {
					03EB15622A0A58D700570784 = {
						CreatedOnToolsVersion = 12.4;
					};
				};
			};
			buildConfigurationList = 03EB155E2A0A58D700570784 /* Build configuration list for PBXProject "Fitness app" */;
			compatibilityVersion = "Xcode 9.3";
			developmentRegion = en;
			hasScannedForEncodings = 0;
			knownRegions = (
				en,
				Base,
			);
			mainGroup = 03EB155A2A0A58D700570784;
			packageReferences = (
				03EB158A2A0A62F400570784 /* XCRemoteSwiftPackageReference "firebase-ios-sdk" */,
			);
			productRefGroup = 03EB15642A0A58D700570784 /* Products */;
			projectDirPath = "";
			projectRoot = "";
			targets = (
				03EB15622A0A58D700570784 /* Fitness app */,
			);
		};
/* End PBXProject section */

/* Begin PBXResourcesBuildPhase section */
		03EB15612A0A58D700570784 /* Resources */ = {
			isa = PBXResourcesBuildPhase;
			buildActionMask = 2147483647;
			files = (
				03EB15882A0A5E7F00570784 /* GoogleService-Info.plist in Resources */,
				03EB15702A0A58D900570784 /* Assets.xcassets in Resources */,
			);
			runOnlyForDeploymentPostprocessing = 0;
		};
/* End PBXResourcesBuildPhase section */

/* Begin PBXSourcesBuildPhase section */
		03EB155F2A0A58D700570784 /* Sources */ = {
			isa = PBXSourcesBuildPhase;
			buildActionMask = 2147483647;
			files = (
				03EB156B2A0A58D700570784 /* ViewController.swift in Sources */,
				03E5D3FA2A0BB0B400C0F969 /* BMIViewController.swift in Sources */,
				03EB15802A0A5AB600570784 /* RegisterViewController.swift in Sources */,
				0373B3412A10D599007729D0 /* WarmUpListViewController.swift in Sources */,
				0368D17C2A0DECC10038C37A /* StopwatchViewController.swift in Sources */,
				03739ACB2A113BBF00BEAE33 /* WarmUp.swift in Sources */,
				03739AC52A11145E00BEAE33 /* MealsListViewController.swift in Sources */,
				031043272A15DBE00068781D /* ProfileViewController.swift in Sources */,
				03EB15672A0A58D700570784 /* AppDelegate.swift in Sources */,
				03C2185E2A18B23B00C58637 /* AddScheduleViewController.swift in Sources */,
				0310433C2A16AA1B0068781D /* RandomModel.swift in Sources */,
				0310432A2A15E9AC0068781D /* WelcomeViewController.swift in Sources */,
				03C218642A18D09900C58637 /* ScheduleModel.swift in Sources */,
				0310432D2A15EB310068781D /* ProfileDetailGetViewController.swift in Sources */,
				03739AC82A11149A00BEAE33 /* Meals.swift in Sources */,
				0358E1252A13E55E00ED554A /* ActivityDetailViewController.swift in Sources */,
				03B3ADC72A10AC2C00BE01E8 /* Exercise.swift in Sources */,
				03F542BB2A19E834003C33F8 /* AllSetViewController.swift in Sources */,
				03F0DDEC2A0CA5C400D64E92 /* ExerciseListViewController.swift in Sources */,
				03C218612A18CE0900C58637 /* AddedExerciseViewController.swift in Sources */,
				03EB15692A0A58D700570784 /* SceneDelegate.swift in Sources */,
				03EB15812A0A5AB600570784 /* ExerciseViewController.swift in Sources */,
				031043382A169DB50068781D /* RandomDetailViewController.swift in Sources */,
				03EB157F2A0A5AB600570784 /* HomeViewController.swift in Sources */,
			);
			runOnlyForDeploymentPostprocessing = 0;
		};
/* End PBXSourcesBuildPhase section */

/* Begin XCBuildConfiguration section */
		03EB15752A0A58D900570784 /* Debug */ = {
			isa = XCBuildConfiguration;
			buildSettings = {
				ALWAYS_SEARCH_USER_PATHS = NO;
				CLANG_ANALYZER_NONNULL = YES;
				CLANG_ANALYZER_NUMBER_OBJECT_CONVERSION = YES_AGGRESSIVE;
				CLANG_CXX_LANGUAGE_STANDARD = "gnu++14";
				CLANG_CXX_LIBRARY = "libc++";
				CLANG_ENABLE_MODULES = YES;
				CLANG_ENABLE_OBJC_ARC = YES;
				CLANG_ENABLE_OBJC_WEAK = YES;
				CLANG_WARN_BLOCK_CAPTURE_AUTORELEASING = YES;
				CLANG_WARN_BOOL_CONVERSION = YES;
				CLANG_WARN_COMMA = YES;
				CLANG_WARN_CONSTANT_CONVERSION = YES;
				CLANG_WARN_DEPRECATED_OBJC_IMPLEMENTATIONS = YES;
				CLANG_WARN_DIRECT_OBJC_ISA_USAGE = YES_ERROR;
				CLANG_WARN_DOCUMENTATION_COMMENTS = YES;
				CLANG_WARN_EMPTY_BODY = YES;
				CLANG_WARN_ENUM_CONVERSION = YES;
				CLANG_WARN_INFINITE_RECURSION = YES;
				CLANG_WARN_INT_CONVERSION = YES;
				CLANG_WARN_NON_LITERAL_NULL_CONVERSION = YES;
				CLANG_WARN_OBJC_IMPLICIT_RETAIN_SELF = YES;
				CLANG_WARN_OBJC_LITERAL_CONVERSION = YES;
				CLANG_WARN_OBJC_ROOT_CLASS = YES_ERROR;
				CLANG_WARN_QUOTED_INCLUDE_IN_FRAMEWORK_HEADER = YES;
				CLANG_WARN_RANGE_LOOP_ANALYSIS = YES;
				CLANG_WARN_STRICT_PROTOTYPES = YES;
				CLANG_WARN_SUSPICIOUS_MOVE = YES;
				CLANG_WARN_UNGUARDED_AVAILABILITY = YES_AGGRESSIVE;
				CLANG_WARN_UNREACHABLE_CODE = YES;
				CLANG_WARN__DUPLICATE_METHOD_MATCH = YES;
				COPY_PHASE_STRIP = NO;
				DEBUG_INFORMATION_FORMAT = dwarf;
				ENABLE_STRICT_OBJC_MSGSEND = YES;
				ENABLE_TESTABILITY = YES;
				GCC_C_LANGUAGE_STANDARD = gnu11;
				GCC_DYNAMIC_NO_PIC = NO;
				GCC_NO_COMMON_BLOCKS = YES;
				GCC_OPTIMIZATION_LEVEL = 0;
				GCC_PREPROCESSOR_DEFINITIONS = (
					"DEBUG=1",
					"$(inherited)",
				);
				GCC_WARN_64_TO_32_BIT_CONVERSION = YES;
				GCC_WARN_ABOUT_RETURN_TYPE = YES_ERROR;
				GCC_WARN_UNDECLARED_SELECTOR = YES;
				GCC_WARN_UNINITIALIZED_AUTOS = YES_AGGRESSIVE;
				GCC_WARN_UNUSED_FUNCTION = YES;
				GCC_WARN_UNUSED_VARIABLE = YES;
				IPHONEOS_DEPLOYMENT_TARGET = 14.4;
				MTL_ENABLE_DEBUG_INFO = INCLUDE_SOURCE;
				MTL_FAST_MATH = YES;
				ONLY_ACTIVE_ARCH = YES;
				SDKROOT = iphoneos;
				SWIFT_ACTIVE_COMPILATION_CONDITIONS = DEBUG;
				SWIFT_OPTIMIZATION_LEVEL = "-Onone";
			};
			name = Debug;
		};
		03EB15762A0A58D900570784 /* Release */ = {
			isa = XCBuildConfiguration;
			buildSettings = {
				ALWAYS_SEARCH_USER_PATHS = NO;
				CLANG_ANALYZER_NONNULL = YES;
				CLANG_ANALYZER_NUMBER_OBJECT_CONVERSION = YES_AGGRESSIVE;
				CLANG_CXX_LANGUAGE_STANDARD = "gnu++14";
				CLANG_CXX_LIBRARY = "libc++";
				CLANG_ENABLE_MODULES = YES;
				CLANG_ENABLE_OBJC_ARC = YES;
				CLANG_ENABLE_OBJC_WEAK = YES;
				CLANG_WARN_BLOCK_CAPTURE_AUTORELEASING = YES;
				CLANG_WARN_BOOL_CONVERSION = YES;
				CLANG_WARN_COMMA = YES;
				CLANG_WARN_CONSTANT_CONVERSION = YES;
				CLANG_WARN_DEPRECATED_OBJC_IMPLEMENTATIONS = YES;
				CLANG_WARN_DIRECT_OBJC_ISA_USAGE = YES_ERROR;
				CLANG_WARN_DOCUMENTATION_COMMENTS = YES;
				CLANG_WARN_EMPTY_BODY = YES;
				CLANG_WARN_ENUM_CONVERSION = YES;
				CLANG_WARN_INFINITE_RECURSION = YES;
				CLANG_WARN_INT_CONVERSION = YES;
				CLANG_WARN_NON_LITERAL_NULL_CONVERSION = YES;
				CLANG_WARN_OBJC_IMPLICIT_RETAIN_SELF = YES;
				CLANG_WARN_OBJC_LITERAL_CONVERSION = YES;
				CLANG_WARN_OBJC_ROOT_CLASS = YES_ERROR;
				CLANG_WARN_QUOTED_INCLUDE_IN_FRAMEWORK_HEADER = YES;
				CLANG_WARN_RANGE_LOOP_ANALYSIS = YES;
				CLANG_WARN_STRICT_PROTOTYPES = YES;
				CLANG_WARN_SUSPICIOUS_MOVE = YES;
				CLANG_WARN_UNGUARDED_AVAILABILITY = YES_AGGRESSIVE;
				CLANG_WARN_UNREACHABLE_CODE = YES;
				CLANG_WARN__DUPLICATE_METHOD_MATCH = YES;
				COPY_PHASE_STRIP = NO;
				DEBUG_INFORMATION_FORMAT = "dwarf-with-dsym";
				ENABLE_NS_ASSERTIONS = NO;
				ENABLE_STRICT_OBJC_MSGSEND = YES;
				GCC_C_LANGUAGE_STANDARD = gnu11;
				GCC_NO_COMMON_BLOCKS = YES;
				GCC_WARN_64_TO_32_BIT_CONVERSION = YES;
				GCC_WARN_ABOUT_RETURN_TYPE = YES_ERROR;
				GCC_WARN_UNDECLARED_SELECTOR = YES;
				GCC_WARN_UNINITIALIZED_AUTOS = YES_AGGRESSIVE;
				GCC_WARN_UNUSED_FUNCTION = YES;
				GCC_WARN_UNUSED_VARIABLE = YES;
				IPHONEOS_DEPLOYMENT_TARGET = 14.4;
				MTL_ENABLE_DEBUG_INFO = NO;
				MTL_FAST_MATH = YES;
				SDKROOT = iphoneos;
				SWIFT_COMPILATION_MODE = wholemodule;
				SWIFT_OPTIMIZATION_LEVEL = "-O";
				VALIDATE_PRODUCT = YES;
			};
			name = Release;
		};
		03EB15782A0A58D900570784 /* Debug */ = {
			isa = XCBuildConfiguration;
			buildSettings = {
				ASSETCATALOG_COMPILER_APPICON_NAME = AppIcon;
				ASSETCATALOG_COMPILER_GLOBAL_ACCENT_COLOR_NAME = AccentColor;
				CODE_SIGN_STYLE = Automatic;
				DEVELOPMENT_TEAM = 34BHL3839H;
				INFOPLIST_FILE = "Fitness app/Info.plist";
				LD_RUNPATH_SEARCH_PATHS = (
					"$(inherited)",
					"@executable_path/Frameworks",
				);
				PRODUCT_BUNDLE_IDENTIFIER = "tinsu-s.Smart-Fitness-app";
				PRODUCT_NAME = "$(TARGET_NAME)";
				SWIFT_VERSION = 5.0;
				TARGETED_DEVICE_FAMILY = "1,2";
			};
			name = Debug;
		};
		03EB15792A0A58D900570784 /* Release */ = {
			isa = XCBuildConfiguration;
			buildSettings = {
				ASSETCATALOG_COMPILER_APPICON_NAME = AppIcon;
				ASSETCATALOG_COMPILER_GLOBAL_ACCENT_COLOR_NAME = AccentColor;
				CODE_SIGN_STYLE = Automatic;
				DEVELOPMENT_TEAM = 34BHL3839H;
				INFOPLIST_FILE = "Fitness app/Info.plist";
				LD_RUNPATH_SEARCH_PATHS = (
					"$(inherited)",
					"@executable_path/Frameworks",
				);
				PRODUCT_BUNDLE_IDENTIFIER = "tinsu-s.Smart-Fitness-app";
				PRODUCT_NAME = "$(TARGET_NAME)";
				SWIFT_VERSION = 5.0;
				TARGETED_DEVICE_FAMILY = "1,2";
			};
			name = Release;
		};
/* End XCBuildConfiguration section */

/* Begin XCConfigurationList section */
		03EB155E2A0A58D700570784 /* Build configuration list for PBXProject "Fitness app" */ = {
			isa = XCConfigurationList;
			buildConfigurations = (
				03EB15752A0A58D900570784 /* Debug */,
				03EB15762A0A58D900570784 /* Release */,
			);
			defaultConfigurationIsVisible = 0;
			defaultConfigurationName = Release;
		};
		03EB15772A0A58D900570784 /* Build configuration list for PBXNativeTarget "Fitness app" */ = {
			isa = XCConfigurationList;
			buildConfigurations = (
				03EB15782A0A58D900570784 /* Debug */,
				03EB15792A0A58D900570784 /* Release */,
			);
			defaultConfigurationIsVisible = 0;
			defaultConfigurationName = Release;
		};
/* End XCConfigurationList section */

/* Begin XCRemoteSwiftPackageReference section */
		03EB158A2A0A62F400570784 /* XCRemoteSwiftPackageReference "firebase-ios-sdk" */ = {
			isa = XCRemoteSwiftPackageReference;
			repositoryURL = "https://github.com/firebase/firebase-ios-sdk";
			requirement = {
				kind = exactVersion;
				version = 10.7.0;
			};
		};
/* End XCRemoteSwiftPackageReference section */

/* Begin XCSwiftPackageProductDependency section */
		03EB158B2A0A62F400570784 /* FirebaseAuth */ = {
			isa = XCSwiftPackageProductDependency;
			package = 03EB158A2A0A62F400570784 /* XCRemoteSwiftPackageReference "firebase-ios-sdk" */;
			productName = FirebaseAuth;
		};
		03EB158D2A0A62F400570784 /* FirebaseDatabase */ = {
			isa = XCSwiftPackageProductDependency;
			package = 03EB158A2A0A62F400570784 /* XCRemoteSwiftPackageReference "firebase-ios-sdk" */;
			productName = FirebaseDatabase;
		};
		03EB158F2A0A62F400570784 /* FirebaseFirestore */ = {
			isa = XCSwiftPackageProductDependency;
			package = 03EB158A2A0A62F400570784 /* XCRemoteSwiftPackageReference "firebase-ios-sdk" */;
			productName = FirebaseFirestore;
		};
/* End XCSwiftPackageProductDependency section */
	};
	rootObject = 03EB155B2A0A58D700570784 /* Project object */;
}
